
Microsoft Visual Studio Solution File, Format Version 12.00
# Visual Studio Version 16
VisualStudioVersion = 16.0.29613.14
MinimumVisualStudioVersion = 10.0.40219.1
Project("{FAE04EC0-301F-11D3-BF4B-00C04F79EFBC}") = "FinalProject", "FinalProject.csproj", "{36B74291-D8BB-4D80-8621-DABA6DC81AB0}"
EndProject
Global
	GlobalSection(SolutionConfigurationPlatforms) = preSolution
		Debug|Any CPU = Debug|Any CPU
		Release|Any CPU = Release|Any CPU
	EndGlobalSection
	GlobalSection(ProjectConfigurationPlatforms) = postSolution
		{36B74291-D8BB-4D80-8621-DABA6DC81AB0}.Debug|Any CPU.ActiveCfg = Debug|Any CPU
		{36B74291-D8BB-4D80-8621-DABA6DC81AB0}.Debug|Any CPU.Build.0 = Debug|Any CPU
		{36B74291-D8BB-4D80-8621-DABA6DC81AB0}.Release|Any CPU.ActiveCfg = Release|Any CPU
		{36B74291-D8BB-4D80-8621-DABA6DC81AB0}.Release|Any CPU.Build.0 = Release|Any CPU
	EndGlobalSection
	GlobalSection(SolutionProperties) = preSolution
		HideSolutionNode = FALSE
	EndGlobalSection
	GlobalSection(ExtensibilityGlobals) = postSolution
		SolutionGuid = {460F2621-C89C-4140-8EBC-DFF20AC029F9}
	EndGlobalSection
EndGlobal
